schema: '2.0'
stages:
  data_cleaning:
    cmd: python src/data/data_cleaning.py
    deps:
    - path: data/raw/swiggy.csv
      hash: md5
      md5: 0b050b37dfe6cfbfaa18d7cb4e454377
      size: 7772212
    - path: src/data/data_cleaning.py
      hash: md5
      md5: fb42c0c5daa847f7f65efd978a8d2d65
      size: 9559
    outs:
    - path: data/cleaned/swiggy_cleaned.csv
      hash: md5
      md5: 4918716e52fc57babdcd400dfb3c3f29
      size: 4508527
  data_preparation:
    cmd: python src/data/data_preparation.py
    deps:
    - path: data/cleaned/swiggy_cleaned.csv
      hash: md5
      md5: 4918716e52fc57babdcd400dfb3c3f29
      size: 4508527
    - path: src/data/data_preparation.py
      hash: md5
      md5: 46073c9715ca04260bd1df6354f2d867
      size: 3009
    params:
      params.yaml:
        Data_Preparation.random_state: 42
        Data_Preparation.test_size: 0.25
    outs:
    - path: data/interim/test.csv
      hash: md5
      md5: e17e82f6e38f0a4a384bfe008be42ba2
      size: 1126527
    - path: data/interim/train.csv
      hash: md5
      md5: c947bf174a89cccd1c8ec92dfab7ea14
      size: 3379042
  data_preprocessing:
    cmd: python src/features/data_preprocessing.py
    deps:
    - path: data/interim/test.csv
      hash: md5
      md5: e17e82f6e38f0a4a384bfe008be42ba2
      size: 1126527
    - path: data/interim/train.csv
      hash: md5
      md5: c947bf174a89cccd1c8ec92dfab7ea14
      size: 3379042
    - path: src/features/data_preprocessing.py
      hash: md5
      md5: 0d57fa9edfb286bad4167977f06a184e
      size: 6951
    outs:
    - path: data/processed/test_trans.csv
      hash: md5
      md5: 6a7f129b63c05b9922c237e6ae702b26
      size: 1358276
    - path: data/processed/train_trans.csv
      hash: md5
      md5: 607d3fb5ca7957bc02695329fe4322bd
      size: 4060457
    - path: models/preprocessor.joblib
      hash: md5
      md5: 3334ce32eb7d9dd5a820cada24326077
      size: 7243
  train:
    cmd: python src/models/train.py
    deps:
    - path: data/processed/train_trans.csv
      hash: md5
      md5: 607d3fb5ca7957bc02695329fe4322bd
      size: 4060457
    - path: src/models/train.py
      hash: md5
      md5: 8948c310c7a258a67c52361d44ecf71e
      size: 5145
    params:
      params.yaml:
        Train.LightGBM:
          n_estimators: 198
          max_depth: 34
          learning_rate: 0.3212545644265231
          subsample: 0.6862613600808749
          min_child_weight: 5
          min_split_gain: 0.005201379123869643
          reg_lambda: 37.88504763245978
          n_jobs: -1
        Train.Random_Forest:
          n_estimators: 100
          criterion: squared_error
          max_depth: 14
          max_features:
          min_samples_split: 10
          min_samples_leaf: 3
          max_samples: 0.7401996728259118
          verbose: 1
          n_jobs: -1
    outs:
    - path: models/model.joblib
      hash: md5
      md5: 6b9813efa3b17e4f39ec4031dea1730f
      size: 24557272
    - path: models/power_transformer.joblib
      hash: md5
      md5: 457905ff6ff6893c15eae3a24c46c4c5
      size: 805
    - path: models/stacking_regressor.joblib
      hash: md5
      md5: e4c6f6c3a35f58059303d2cde93a14f7
      size: 24550170
  evaluation:
    cmd: python src/models/evaluation.py
    deps:
    - path: data/processed/test_trans.csv
      hash: md5
      md5: 6a7f129b63c05b9922c237e6ae702b26
      size: 1358276
    - path: data/processed/train_trans.csv
      hash: md5
      md5: 607d3fb5ca7957bc02695329fe4322bd
      size: 4060457
    - path: models/model.joblib
      hash: md5
      md5: 6b9813efa3b17e4f39ec4031dea1730f
      size: 24557272
    - path: src/models/evaluation.py
      hash: md5
      md5: 7e9b811266b8eb5924899222165d9f60
      size: 6284
    outs:
    - path: run_information.json
      hash: md5
      md5: 9e3ba0165ee1a7c581172455cdb35306
      size: 169
  register_model:
    cmd: python src/models/register_model.py
    deps:
    - path: run_information.json
      hash: md5
      md5: 9e3ba0165ee1a7c581172455cdb35306
      size: 169
    - path: src/models/register_model.py
      hash: md5
      md5: c02691cec8f3eaa447fbcce925914af6
      size: 2559
